
Microsoft Visual Studio Solution File, Format Version 12.00
# Visual Studio 14
VisualStudioVersion = 14.0.25420.1
MinimumVisualStudioVersion = 10.0.40219.1
Project("{2150E333-8FDC-42A3-9474-1A3956D46DE8}") = "Decorator", "Decorator", "{CF9828FD-1BFB-4E6A-92FC-FACC8467AF73}"
	ProjectSection(SolutionItems) = preProject
		DecoratorDemo\decorator-slides.pdf = DecoratorDemo\decorator-slides.pdf
	EndProjectSection
EndProject
Project("{FAE04EC0-301F-11D3-BF4B-00C04F79EFBC}") = "DecoratorDemo", "DecoratorDemo\DecoratorDemo\DecoratorDemo.csproj", "{D3C4F503-E62B-44C2-9682-C861B8F35FD7}"
EndProject
Project("{F088123C-0E9E-452A-89E6-6BA2F21D5CAC}") = "uml", "DecoratorDemo\uml\uml.modelproj", "{AF2A2611-B8B9-4824-B157-27521F087544}"
EndProject
Project("{2150E333-8FDC-42A3-9474-1A3956D46DE8}") = "command-pattern-exercise-files", "command-pattern-exercise-files", "{CF133B04-D3CF-4632-8128-74289DE875FB}"
	ProjectSection(SolutionItems) = preProject
		command-pattern-exercise-files\command-pattern-slides.pdf = command-pattern-exercise-files\command-pattern-slides.pdf
	EndProjectSection
EndProject
Project("{FAE04EC0-301F-11D3-BF4B-00C04F79EFBC}") = "LoggingDemo", "command-pattern-exercise-files\LoggingDemo\LoggingDemo.csproj", "{913EB2BA-DD88-499E-BC5A-A1CC146787AD}"
EndProject
Project("{2150E333-8FDC-42A3-9474-1A3956D46DE8}") = "pattern-unitofwork-exercise-files", "pattern-unitofwork-exercise-files", "{7A39C855-4C1A-470D-972E-7B9962048137}"
	ProjectSection(SolutionItems) = preProject
		pattern-unitofwork-exercise-files\pattern-unitofwork-slides.pdf = pattern-unitofwork-exercise-files\pattern-unitofwork-slides.pdf
	EndProjectSection
EndProject
Project("{FAE04EC0-301F-11D3-BF4B-00C04F79EFBC}") = "EmployeeData", "pattern-unitofwork-exercise-files\EmployeeTimeCards\EmployeeData\EmployeeData.csproj", "{0B57154E-1FFA-439B-9776-732DA845ACCB}"
EndProject
Project("{FAE04EC0-301F-11D3-BF4B-00C04F79EFBC}") = "EmployeeDomain", "pattern-unitofwork-exercise-files\EmployeeTimeCards\EmployeeDomain\EmployeeDomain.csproj", "{6F133CDD-8D46-4A1A-A0C9-C41E88B7F06E}"
EndProject
Project("{2150E333-8FDC-42A3-9474-1A3956D46DE8}") = "Solution Items", "Solution Items", "{FAFA922C-7866-4032-A07A-6B65F70D64AB}"
	ProjectSection(SolutionItems) = preProject
		pattern-unitofwork-exercise-files\EmployeeTimeCards\EmployeeTimeCards.vsmdi = pattern-unitofwork-exercise-files\EmployeeTimeCards\EmployeeTimeCards.vsmdi
		pattern-unitofwork-exercise-files\EmployeeTimeCards\Local.testsettings = pattern-unitofwork-exercise-files\EmployeeTimeCards\Local.testsettings
		pattern-unitofwork-exercise-files\EmployeeTimeCards\TraceAndTestImpact.testsettings = pattern-unitofwork-exercise-files\EmployeeTimeCards\TraceAndTestImpact.testsettings
	EndProjectSection
EndProject
Project("{FAE04EC0-301F-11D3-BF4B-00C04F79EFBC}") = "EmployeeWeb", "pattern-unitofwork-exercise-files\EmployeeTimeCards\EmployeeWebNew\EmployeeWeb\EmployeeWeb.csproj", "{559B5A3B-EAC7-45AB-BAB7-E05BABF9249F}"
EndProject
Project("{FAE04EC0-301F-11D3-BF4B-00C04F79EFBC}") = "EmployeeTests", "pattern-unitofwork-exercise-files\EmployeeTimeCards\EmployeeTests\EmployeeTests.csproj", "{95027F36-3D30-4E35-A81D-18C0B92F3CB6}"
EndProject
Project("{2150E333-8FDC-42A3-9474-1A3956D46DE8}") = "design-patterns-builder-exercise-files", "design-patterns-builder-exercise-files", "{A9CB5F8A-3EDA-46A1-99B1-E691BCE110A9}"
EndProject
Project("{FAE04EC0-301F-11D3-BF4B-00C04F79EFBC}") = "BuilderDemo", "design-patterns-builder-exercise-files\demos\after\BuilderDemo\BuilderDemo\BuilderDemo.csproj", "{867C8C81-9C26-49F0-8633-278E1A402221}"
EndProject
Global
	GlobalSection(SolutionConfigurationPlatforms) = preSolution
		Debug|Any CPU = Debug|Any CPU
		Debug|Mixed Platforms = Debug|Mixed Platforms
		Debug|x86 = Debug|x86
		Release|Any CPU = Release|Any CPU
		Release|Mixed Platforms = Release|Mixed Platforms
		Release|x86 = Release|x86
	EndGlobalSection
	GlobalSection(ProjectConfigurationPlatforms) = postSolution
		{D3C4F503-E62B-44C2-9682-C861B8F35FD7}.Debug|Any CPU.ActiveCfg = Debug|x86
		{D3C4F503-E62B-44C2-9682-C861B8F35FD7}.Debug|Mixed Platforms.ActiveCfg = Debug|x86
		{D3C4F503-E62B-44C2-9682-C861B8F35FD7}.Debug|Mixed Platforms.Build.0 = Debug|x86
		{D3C4F503-E62B-44C2-9682-C861B8F35FD7}.Debug|x86.ActiveCfg = Debug|x86
		{D3C4F503-E62B-44C2-9682-C861B8F35FD7}.Debug|x86.Build.0 = Debug|x86
		{D3C4F503-E62B-44C2-9682-C861B8F35FD7}.Release|Any CPU.ActiveCfg = Release|x86
		{D3C4F503-E62B-44C2-9682-C861B8F35FD7}.Release|Mixed Platforms.ActiveCfg = Release|x86
		{D3C4F503-E62B-44C2-9682-C861B8F35FD7}.Release|Mixed Platforms.Build.0 = Release|x86
		{D3C4F503-E62B-44C2-9682-C861B8F35FD7}.Release|x86.ActiveCfg = Release|x86
		{D3C4F503-E62B-44C2-9682-C861B8F35FD7}.Release|x86.Build.0 = Release|x86
		{AF2A2611-B8B9-4824-B157-27521F087544}.Debug|Any CPU.ActiveCfg = Debug|Any CPU
		{AF2A2611-B8B9-4824-B157-27521F087544}.Debug|Any CPU.Build.0 = Debug|Any CPU
		{AF2A2611-B8B9-4824-B157-27521F087544}.Debug|Mixed Platforms.ActiveCfg = Debug|Any CPU
		{AF2A2611-B8B9-4824-B157-27521F087544}.Debug|Mixed Platforms.Build.0 = Debug|Any CPU
		{AF2A2611-B8B9-4824-B157-27521F087544}.Debug|x86.ActiveCfg = Debug|Any CPU
		{AF2A2611-B8B9-4824-B157-27521F087544}.Release|Any CPU.ActiveCfg = Release|Any CPU
		{AF2A2611-B8B9-4824-B157-27521F087544}.Release|Any CPU.Build.0 = Release|Any CPU
		{AF2A2611-B8B9-4824-B157-27521F087544}.Release|Mixed Platforms.ActiveCfg = Release|Any CPU
		{AF2A2611-B8B9-4824-B157-27521F087544}.Release|Mixed Platforms.Build.0 = Release|Any CPU
		{AF2A2611-B8B9-4824-B157-27521F087544}.Release|x86.ActiveCfg = Release|Any CPU
		{913EB2BA-DD88-499E-BC5A-A1CC146787AD}.Debug|Any CPU.ActiveCfg = Debug|x86
		{913EB2BA-DD88-499E-BC5A-A1CC146787AD}.Debug|Mixed Platforms.ActiveCfg = Debug|x86
		{913EB2BA-DD88-499E-BC5A-A1CC146787AD}.Debug|Mixed Platforms.Build.0 = Debug|x86
		{913EB2BA-DD88-499E-BC5A-A1CC146787AD}.Debug|x86.ActiveCfg = Debug|x86
		{913EB2BA-DD88-499E-BC5A-A1CC146787AD}.Debug|x86.Build.0 = Debug|x86
		{913EB2BA-DD88-499E-BC5A-A1CC146787AD}.Release|Any CPU.ActiveCfg = Release|x86
		{913EB2BA-DD88-499E-BC5A-A1CC146787AD}.Release|Mixed Platforms.ActiveCfg = Release|x86
		{913EB2BA-DD88-499E-BC5A-A1CC146787AD}.Release|Mixed Platforms.Build.0 = Release|x86
		{913EB2BA-DD88-499E-BC5A-A1CC146787AD}.Release|x86.ActiveCfg = Release|x86
		{913EB2BA-DD88-499E-BC5A-A1CC146787AD}.Release|x86.Build.0 = Release|x86
		{0B57154E-1FFA-439B-9776-732DA845ACCB}.Debug|Any CPU.ActiveCfg = Debug|Any CPU
		{0B57154E-1FFA-439B-9776-732DA845ACCB}.Debug|Any CPU.Build.0 = Debug|Any CPU
		{0B57154E-1FFA-439B-9776-732DA845ACCB}.Debug|Mixed Platforms.ActiveCfg = Debug|Any CPU
		{0B57154E-1FFA-439B-9776-732DA845ACCB}.Debug|Mixed Platforms.Build.0 = Debug|Any CPU
		{0B57154E-1FFA-439B-9776-732DA845ACCB}.Debug|x86.ActiveCfg = Debug|Any CPU
		{0B57154E-1FFA-439B-9776-732DA845ACCB}.Debug|x86.Build.0 = Debug|Any CPU
		{0B57154E-1FFA-439B-9776-732DA845ACCB}.Release|Any CPU.ActiveCfg = Release|Any CPU
		{0B57154E-1FFA-439B-9776-732DA845ACCB}.Release|Any CPU.Build.0 = Release|Any CPU
		{0B57154E-1FFA-439B-9776-732DA845ACCB}.Release|Mixed Platforms.ActiveCfg = Release|Any CPU
		{0B57154E-1FFA-439B-9776-732DA845ACCB}.Release|Mixed Platforms.Build.0 = Release|Any CPU
		{0B57154E-1FFA-439B-9776-732DA845ACCB}.Release|x86.ActiveCfg = Release|Any CPU
		{0B57154E-1FFA-439B-9776-732DA845ACCB}.Release|x86.Build.0 = Release|Any CPU
		{6F133CDD-8D46-4A1A-A0C9-C41E88B7F06E}.Debug|Any CPU.ActiveCfg = Debug|Any CPU
		{6F133CDD-8D46-4A1A-A0C9-C41E88B7F06E}.Debug|Any CPU.Build.0 = Debug|Any CPU
		{6F133CDD-8D46-4A1A-A0C9-C41E88B7F06E}.Debug|Mixed Platforms.ActiveCfg = Debug|Any CPU
		{6F133CDD-8D46-4A1A-A0C9-C41E88B7F06E}.Debug|x86.ActiveCfg = Debug|Any CPU
		{6F133CDD-8D46-4A1A-A0C9-C41E88B7F06E}.Debug|x86.Build.0 = Debug|Any CPU
		{6F133CDD-8D46-4A1A-A0C9-C41E88B7F06E}.Release|Any CPU.ActiveCfg = Release|Any CPU
		{6F133CDD-8D46-4A1A-A0C9-C41E88B7F06E}.Release|Any CPU.Build.0 = Release|Any CPU
		{6F133CDD-8D46-4A1A-A0C9-C41E88B7F06E}.Release|Mixed Platforms.ActiveCfg = Release|Any CPU
		{6F133CDD-8D46-4A1A-A0C9-C41E88B7F06E}.Release|Mixed Platforms.Build.0 = Release|Any CPU
		{6F133CDD-8D46-4A1A-A0C9-C41E88B7F06E}.Release|x86.ActiveCfg = Release|Any CPU
		{6F133CDD-8D46-4A1A-A0C9-C41E88B7F06E}.Release|x86.Build.0 = Release|Any CPU
		{559B5A3B-EAC7-45AB-BAB7-E05BABF9249F}.Debug|Any CPU.ActiveCfg = Debug|Any CPU
		{559B5A3B-EAC7-45AB-BAB7-E05BABF9249F}.Debug|Any CPU.Build.0 = Debug|Any CPU
		{559B5A3B-EAC7-45AB-BAB7-E05BABF9249F}.Debug|Mixed Platforms.ActiveCfg = Debug|Any CPU
		{559B5A3B-EAC7-45AB-BAB7-E05BABF9249F}.Debug|Mixed Platforms.Build.0 = Debug|Any CPU
		{559B5A3B-EAC7-45AB-BAB7-E05BABF9249F}.Debug|x86.ActiveCfg = Debug|Any CPU
		{559B5A3B-EAC7-45AB-BAB7-E05BABF9249F}.Debug|x86.Build.0 = Debug|Any CPU
		{559B5A3B-EAC7-45AB-BAB7-E05BABF9249F}.Release|Any CPU.ActiveCfg = Release|Any CPU
		{559B5A3B-EAC7-45AB-BAB7-E05BABF9249F}.Release|Any CPU.Build.0 = Release|Any CPU
		{559B5A3B-EAC7-45AB-BAB7-E05BABF9249F}.Release|Mixed Platforms.ActiveCfg = Release|Any CPU
		{559B5A3B-EAC7-45AB-BAB7-E05BABF9249F}.Release|Mixed Platforms.Build.0 = Release|Any CPU
		{559B5A3B-EAC7-45AB-BAB7-E05BABF9249F}.Release|x86.ActiveCfg = Release|Any CPU
		{559B5A3B-EAC7-45AB-BAB7-E05BABF9249F}.Release|x86.Build.0 = Release|Any CPU
		{95027F36-3D30-4E35-A81D-18C0B92F3CB6}.Debug|Any CPU.ActiveCfg = Debug|Any CPU
		{95027F36-3D30-4E35-A81D-18C0B92F3CB6}.Debug|Any CPU.Build.0 = Debug|Any CPU
		{95027F36-3D30-4E35-A81D-18C0B92F3CB6}.Debug|Mixed Platforms.ActiveCfg = Debug|Any CPU
		{95027F36-3D30-4E35-A81D-18C0B92F3CB6}.Debug|Mixed Platforms.Build.0 = Debug|Any CPU
		{95027F36-3D30-4E35-A81D-18C0B92F3CB6}.Debug|x86.ActiveCfg = Debug|Any CPU
		{95027F36-3D30-4E35-A81D-18C0B92F3CB6}.Debug|x86.Build.0 = Debug|Any CPU
		{95027F36-3D30-4E35-A81D-18C0B92F3CB6}.Release|Any CPU.ActiveCfg = Release|Any CPU
		{95027F36-3D30-4E35-A81D-18C0B92F3CB6}.Release|Any CPU.Build.0 = Release|Any CPU
		{95027F36-3D30-4E35-A81D-18C0B92F3CB6}.Release|Mixed Platforms.ActiveCfg = Release|Any CPU
		{95027F36-3D30-4E35-A81D-18C0B92F3CB6}.Release|Mixed Platforms.Build.0 = Release|Any CPU
		{95027F36-3D30-4E35-A81D-18C0B92F3CB6}.Release|x86.ActiveCfg = Release|Any CPU
		{95027F36-3D30-4E35-A81D-18C0B92F3CB6}.Release|x86.Build.0 = Release|Any CPU
		{867C8C81-9C26-49F0-8633-278E1A402221}.Debug|Any CPU.ActiveCfg = Debug|x86
		{867C8C81-9C26-49F0-8633-278E1A402221}.Debug|Mixed Platforms.ActiveCfg = Debug|x86
		{867C8C81-9C26-49F0-8633-278E1A402221}.Debug|Mixed Platforms.Build.0 = Debug|x86
		{867C8C81-9C26-49F0-8633-278E1A402221}.Debug|x86.ActiveCfg = Debug|x86
		{867C8C81-9C26-49F0-8633-278E1A402221}.Debug|x86.Build.0 = Debug|x86
		{867C8C81-9C26-49F0-8633-278E1A402221}.Release|Any CPU.ActiveCfg = Release|x86
		{867C8C81-9C26-49F0-8633-278E1A402221}.Release|Mixed Platforms.ActiveCfg = Release|x86
		{867C8C81-9C26-49F0-8633-278E1A402221}.Release|Mixed Platforms.Build.0 = Release|x86
		{867C8C81-9C26-49F0-8633-278E1A402221}.Release|x86.ActiveCfg = Release|x86
		{867C8C81-9C26-49F0-8633-278E1A402221}.Release|x86.Build.0 = Release|x86
	EndGlobalSection
	GlobalSection(SolutionProperties) = preSolution
		HideSolutionNode = FALSE
	EndGlobalSection
	GlobalSection(NestedProjects) = preSolution
		{D3C4F503-E62B-44C2-9682-C861B8F35FD7} = {CF9828FD-1BFB-4E6A-92FC-FACC8467AF73}
		{AF2A2611-B8B9-4824-B157-27521F087544} = {CF9828FD-1BFB-4E6A-92FC-FACC8467AF73}
		{913EB2BA-DD88-499E-BC5A-A1CC146787AD} = {CF133B04-D3CF-4632-8128-74289DE875FB}
		{0B57154E-1FFA-439B-9776-732DA845ACCB} = {7A39C855-4C1A-470D-972E-7B9962048137}
		{6F133CDD-8D46-4A1A-A0C9-C41E88B7F06E} = {7A39C855-4C1A-470D-972E-7B9962048137}
		{FAFA922C-7866-4032-A07A-6B65F70D64AB} = {7A39C855-4C1A-470D-972E-7B9962048137}
		{559B5A3B-EAC7-45AB-BAB7-E05BABF9249F} = {7A39C855-4C1A-470D-972E-7B9962048137}
		{95027F36-3D30-4E35-A81D-18C0B92F3CB6} = {7A39C855-4C1A-470D-972E-7B9962048137}
		{867C8C81-9C26-49F0-8633-278E1A402221} = {A9CB5F8A-3EDA-46A1-99B1-E691BCE110A9}
	EndGlobalSection
	GlobalSection(TestCaseManagementSettings) = postSolution
		CategoryFile = EmployeeTimeCards.vsmdi
	EndGlobalSection
EndGlobal
